
Microsoft Visual Studio Solution File, Format Version 12.00
# Visual Studio Version 16
VisualStudioVersion = 16.6.30114.105
MinimumVisualStudioVersion = 10.0.40219.1
Project("{FAE04EC0-301F-11D3-BF4B-00C04F79EFBC}") = "Buckets.App", "Buckets.App\Buckets.App.csproj", "{2EBD228B-C97F-45B1-AE4F-230260D9889B}"
EndProject
Project("{FAE04EC0-301F-11D3-BF4B-00C04F79EFBC}") = "Buckets.Models", "Buckets.Models\Buckets.Models.csproj", "{DB505215-BC70-4019-9454-513EDE8DE1C6}"
EndProject
Project("{FAE04EC0-301F-11D3-BF4B-00C04F79EFBC}") = "Buckets.Test", "Buckets.Test\Buckets.Test.csproj", "{186E3BDD-A9BA-4A0F-8DC5-A25D680D009A}"
EndProject
Global
	GlobalSection(SolutionConfigurationPlatforms) = preSolution
		Debug|Any CPU = Debug|Any CPU
		Debug|x64 = Debug|x64
		Debug|x86 = Debug|x86
		Release|Any CPU = Release|Any CPU
		Release|x64 = Release|x64
		Release|x86 = Release|x86
	EndGlobalSection
	GlobalSection(SolutionProperties) = preSolution
		HideSolutionNode = FALSE
	EndGlobalSection
	GlobalSection(ProjectConfigurationPlatforms) = postSolution
		{2EBD228B-C97F-45B1-AE4F-230260D9889B}.Debug|Any CPU.ActiveCfg = Debug|Any CPU
		{2EBD228B-C97F-45B1-AE4F-230260D9889B}.Debug|Any CPU.Build.0 = Debug|Any CPU
		{2EBD228B-C97F-45B1-AE4F-230260D9889B}.Debug|x64.ActiveCfg = Debug|Any CPU
		{2EBD228B-C97F-45B1-AE4F-230260D9889B}.Debug|x64.Build.0 = Debug|Any CPU
		{2EBD228B-C97F-45B1-AE4F-230260D9889B}.Debug|x86.ActiveCfg = Debug|Any CPU
		{2EBD228B-C97F-45B1-AE4F-230260D9889B}.Debug|x86.Build.0 = Debug|Any CPU
		{2EBD228B-C97F-45B1-AE4F-230260D9889B}.Release|Any CPU.ActiveCfg = Release|Any CPU
		{2EBD228B-C97F-45B1-AE4F-230260D9889B}.Release|Any CPU.Build.0 = Release|Any CPU
		{2EBD228B-C97F-45B1-AE4F-230260D9889B}.Release|x64.ActiveCfg = Release|Any CPU
		{2EBD228B-C97F-45B1-AE4F-230260D9889B}.Release|x64.Build.0 = Release|Any CPU
		{2EBD228B-C97F-45B1-AE4F-230260D9889B}.Release|x86.ActiveCfg = Release|Any CPU
		{2EBD228B-C97F-45B1-AE4F-230260D9889B}.Release|x86.Build.0 = Release|Any CPU
		{DB505215-BC70-4019-9454-513EDE8DE1C6}.Debug|Any CPU.ActiveCfg = Debug|Any CPU
		{DB505215-BC70-4019-9454-513EDE8DE1C6}.Debug|Any CPU.Build.0 = Debug|Any CPU
		{DB505215-BC70-4019-9454-513EDE8DE1C6}.Debug|x64.ActiveCfg = Debug|Any CPU
		{DB505215-BC70-4019-9454-513EDE8DE1C6}.Debug|x64.Build.0 = Debug|Any CPU
		{DB505215-BC70-4019-9454-513EDE8DE1C6}.Debug|x86.ActiveCfg = Debug|Any CPU
		{DB505215-BC70-4019-9454-513EDE8DE1C6}.Debug|x86.Build.0 = Debug|Any CPU
		{DB505215-BC70-4019-9454-513EDE8DE1C6}.Release|Any CPU.ActiveCfg = Release|Any CPU
		{DB505215-BC70-4019-9454-513EDE8DE1C6}.Release|Any CPU.Build.0 = Release|Any CPU
		{DB505215-BC70-4019-9454-513EDE8DE1C6}.Release|x64.ActiveCfg = Release|Any CPU
		{DB505215-BC70-4019-9454-513EDE8DE1C6}.Release|x64.Build.0 = Release|Any CPU
		{DB505215-BC70-4019-9454-513EDE8DE1C6}.Release|x86.ActiveCfg = Release|Any CPU
		{DB505215-BC70-4019-9454-513EDE8DE1C6}.Release|x86.Build.0 = Release|Any CPU
		{186E3BDD-A9BA-4A0F-8DC5-A25D680D009A}.Debug|Any CPU.ActiveCfg = Debug|Any CPU
		{186E3BDD-A9BA-4A0F-8DC5-A25D680D009A}.Debug|Any CPU.Build.0 = Debug|Any CPU
		{186E3BDD-A9BA-4A0F-8DC5-A25D680D009A}.Debug|x64.ActiveCfg = Debug|Any CPU
		{186E3BDD-A9BA-4A0F-8DC5-A25D680D009A}.Debug|x64.Build.0 = Debug|Any CPU
		{186E3BDD-A9BA-4A0F-8DC5-A25D680D009A}.Debug|x86.ActiveCfg = Debug|Any CPU
		{186E3BDD-A9BA-4A0F-8DC5-A25D680D009A}.Debug|x86.Build.0 = Debug|Any CPU
		{186E3BDD-A9BA-4A0F-8DC5-A25D680D009A}.Release|Any CPU.ActiveCfg = Release|Any CPU
		{186E3BDD-A9BA-4A0F-8DC5-A25D680D009A}.Release|Any CPU.Build.0 = Release|Any CPU
		{186E3BDD-A9BA-4A0F-8DC5-A25D680D009A}.Release|x64.ActiveCfg = Release|Any CPU
		{186E3BDD-A9BA-4A0F-8DC5-A25D680D009A}.Release|x64.Build.0 = Release|Any CPU
		{186E3BDD-A9BA-4A0F-8DC5-A25D680D009A}.Release|x86.ActiveCfg = Release|Any CPU
		{186E3BDD-A9BA-4A0F-8DC5-A25D680D009A}.Release|x86.Build.0 = Release|Any CPU
	EndGlobalSection
EndGlobal
